
Microsoft Visual Studio Solution File, Format Version 12.00
# Visual Studio Version 17
VisualStudioVersion = 17.8.34316.72
MinimumVisualStudioVersion = 10.0.40219.1
Project("{FAE04EC0-301F-11D3-BF4B-00C04F79EFBC}") = "B2GTechTask", "B2GTechTask\B2GTechTask.csproj", "{0FB2EDAA-6DCB-4E66-9399-F8999705198C}"
EndProject
Project("{FAE04EC0-301F-11D3-BF4B-00C04F79EFBC}") = "B2GTechTask.Core", "B2GTechTask.Core\B2GTechTask.Core.csproj", "{2EC0BA66-A0A3-49C7-AFD0-D256A1E0ABB7}"
EndProject
Project("{FAE04EC0-301F-11D3-BF4B-00C04F79EFBC}") = "B2GTechTask.Infrastructure", "B2GTechTask.Infrastructure\B2GTechTask.Infrastructure.csproj", "{81CDFD1E-D1F0-47BE-90FB-A2BFDF976589}"
EndProject
Global
	GlobalSection(SolutionConfigurationPlatforms) = preSolution
		Debug|Any CPU = Debug|Any CPU
		Release|Any CPU = Release|Any CPU
	EndGlobalSection
	GlobalSection(ProjectConfigurationPlatforms) = postSolution
		{0FB2EDAA-6DCB-4E66-9399-F8999705198C}.Debug|Any CPU.ActiveCfg = Debug|Any CPU
		{0FB2EDAA-6DCB-4E66-9399-F8999705198C}.Debug|Any CPU.Build.0 = Debug|Any CPU
		{0FB2EDAA-6DCB-4E66-9399-F8999705198C}.Release|Any CPU.ActiveCfg = Release|Any CPU
		{0FB2EDAA-6DCB-4E66-9399-F8999705198C}.Release|Any CPU.Build.0 = Release|Any CPU
		{2EC0BA66-A0A3-49C7-AFD0-D256A1E0ABB7}.Debug|Any CPU.ActiveCfg = Debug|Any CPU
		{2EC0BA66-A0A3-49C7-AFD0-D256A1E0ABB7}.Debug|Any CPU.Build.0 = Debug|Any CPU
		{2EC0BA66-A0A3-49C7-AFD0-D256A1E0ABB7}.Release|Any CPU.ActiveCfg = Release|Any CPU
		{2EC0BA66-A0A3-49C7-AFD0-D256A1E0ABB7}.Release|Any CPU.Build.0 = Release|Any CPU
		{81CDFD1E-D1F0-47BE-90FB-A2BFDF976589}.Debug|Any CPU.ActiveCfg = Debug|Any CPU
		{81CDFD1E-D1F0-47BE-90FB-A2BFDF976589}.Debug|Any CPU.Build.0 = Debug|Any CPU
		{81CDFD1E-D1F0-47BE-90FB-A2BFDF976589}.Release|Any CPU.ActiveCfg = Release|Any CPU
		{81CDFD1E-D1F0-47BE-90FB-A2BFDF976589}.Release|Any CPU.Build.0 = Release|Any CPU
	EndGlobalSection
	GlobalSection(SolutionProperties) = preSolution
		HideSolutionNode = FALSE
	EndGlobalSection
	GlobalSection(ExtensibilityGlobals) = postSolution
		SolutionGuid = {53B0F779-C7DD-4C10-BEDB-C542E22115DE}
	EndGlobalSection
EndGlobal
